Microsoft Visual Studio Solution File, Format Version 12.00
# Visual Studio 2012
Project("{FAE04EC0-301F-11D3-BF4B-00C04F79EFBC}") = "Minesweeper3D", "Minesweeper3D.csproj", "{35DF4637-6B18-4FF0-B476-C116802C910B}"
EndProject
Global
	GlobalSection(SolutionConfigurationPlatforms) = preSolution
	Debug|Any CPU = Debug|Any CPU
	ExportDebug|Any CPU = ExportDebug|Any CPU
	ExportRelease|Any CPU = ExportRelease|Any CPU
	EndGlobalSection
	GlobalSection(ProjectConfigurationPlatforms) = postSolution
		{35DF4637-6B18-4FF0-B476-C116802C910B}.Debug|Any CPU.ActiveCfg = Debug|Any CPU
		{35DF4637-6B18-4FF0-B476-C116802C910B}.Debug|Any CPU.Build.0 = Debug|Any CPU
		{35DF4637-6B18-4FF0-B476-C116802C910B}.ExportDebug|Any CPU.ActiveCfg = ExportDebug|Any CPU
		{35DF4637-6B18-4FF0-B476-C116802C910B}.ExportDebug|Any CPU.Build.0 = ExportDebug|Any CPU
		{35DF4637-6B18-4FF0-B476-C116802C910B}.ExportRelease|Any CPU.ActiveCfg = ExportRelease|Any CPU
		{35DF4637-6B18-4FF0-B476-C116802C910B}.ExportRelease|Any CPU.Build.0 = ExportRelease|Any CPU
	EndGlobalSection
EndGlobal
